// !$*UTF8*$!
{
	archiveVersion = 1;
	classes = {
	};
	objectVersion = 55;
	objects = {

/* Begin PBXBuildFile section */
		E00E95CC28C625D700C61697 /* QuestionView.swift in Sources */ = {isa = PBXBuildFile; fileRef = E00E95CB28C625D700C61697 /* QuestionView.swift */; };
		E01685FB28B8C14B00F7DF15 /* AppDelegate.swift in Sources */ = {isa = PBXBuildFile; fileRef = E01685FA28B8C14B00F7DF15 /* AppDelegate.swift */; };
		E01685FD28B8C14B00F7DF15 /* SceneDelegate.swift in Sources */ = {isa = PBXBuildFile; fileRef = E01685FC28B8C14B00F7DF15 /* SceneDelegate.swift */; };
		E01685FF28B8C14B00F7DF15 /* ViewController.swift in Sources */ = {isa = PBXBuildFile; fileRef = E01685FE28B8C14B00F7DF15 /* ViewController.swift */; };
		E016860228B8C14B00F7DF15 /* Main.storyboard in Resources */ = {isa = PBXBuildFile; fileRef = E016860028B8C14B00F7DF15 /* Main.storyboard */; };
		E016860428B8C14E00F7DF15 /* Assets.xcassets in Resources */ = {isa = PBXBuildFile; fileRef = E016860328B8C14E00F7DF15 /* Assets.xcassets */; };
		E016860728B8C14E00F7DF15 /* LaunchScreen.storyboard in Resources */ = {isa = PBXBuildFile; fileRef = E016860528B8C14E00F7DF15 /* LaunchScreen.storyboard */; };
		E016860F28B8D01500F7DF15 /* Balham.otf in Resources */ = {isa = PBXBuildFile; fileRef = E016860E28B8D01500F7DF15 /* Balham.otf */; };
		E016861528B8D78200F7DF15 /* Question.swift in Sources */ = {isa = PBXBuildFile; fileRef = E016861428B8D78200F7DF15 /* Question.swift */; };
		E06416F228B8DBB80088086F /* Game.swift in Sources */ = {isa = PBXBuildFile; fileRef = E06416F128B8DBB80088086F /* Game.swift */; };
		E06416F428B9066C0088086F /* QuestionManager.swift in Sources */ = {isa = PBXBuildFile; fileRef = E06416F328B9066C0088086F /* QuestionManager.swift */; };
/* End PBXBuildFile section */

/* Begin PBXFileReference section */
		E00E95CB28C625D700C61697 /* QuestionView.swift */ = {isa = PBXFileReference; lastKnownFileType = sourcecode.swift; path = QuestionView.swift; sourceTree = "<group>"; };
		E01685F728B8C14B00F7DF15 /* Quizz.app */ = {isa = PBXFileReference; explicitFileType = wrapper.application; includeInIndex = 0; path = Quizz.app; sourceTree = BUILT_PRODUCTS_DIR; };
		E01685FA28B8C14B00F7DF15 /* AppDelegate.swift */ = {isa = PBXFileReference; lastKnownFileType = sourcecode.swift; path = AppDelegate.swift; sourceTree = "<group>"; };
		E01685FC28B8C14B00F7DF15 /* SceneDelegate.swift */ = {isa = PBXFileReference; lastKnownFileType = sourcecode.swift; path = SceneDelegate.swift; sourceTree = "<group>"; };
		E01685FE28B8C14B00F7DF15 /* ViewController.swift */ = {isa = PBXFileReference; lastKnownFileType = sourcecode.swift; path = ViewController.swift; sourceTree = "<group>"; };
		E016860128B8C14B00F7DF15 /* Base */ = {isa = PBXFileReference; lastKnownFileType = file.storyboard; name = Base; path = Base.lproj/Main.storyboard; sourceTree = "<group>"; };
		E016860328B8C14E00F7DF15 /* Assets.xcassets */ = {isa = PBXFileReference; lastKnownFileType = folder.assetcatalog; path = Assets.xcassets; sourceTree = "<group>"; };
		E016860628B8C14E00F7DF15 /* Base */ = {isa = PBXFileReference; lastKnownFileType = file.storyboard; name = Base; path = Base.lproj/LaunchScreen.storyboard; sourceTree = "<group>"; };
		E016860828B8C14E00F7DF15 /* Info.plist */ = {isa = PBXFileReference; lastKnownFileType = text.plist.xml; path = Info.plist; sourceTree = "<group>"; };
		E016860E28B8D01500F7DF15 /* Balham.otf */ = {isa = PBXFileReference; lastKnownFileType = file; path = Balham.otf; sourceTree = "<group>"; };
		E016861428B8D78200F7DF15 /* Question.swift */ = {isa = PBXFileReference; lastKnownFileType = sourcecode.swift; path = Question.swift; sourceTree = "<group>"; };
		E06416F128B8DBB80088086F /* Game.swift */ = {isa = PBXFileReference; lastKnownFileType = sourcecode.swift; path = Game.swift; sourceTree = "<group>"; };
		E06416F328B9066C0088086F /* QuestionManager.swift */ = {isa = PBXFileReference; lastKnownFileType = sourcecode.swift; path = QuestionManager.swift; sourceTree = "<group>"; };
/* End PBXFileReference section */

/* Begin PBXFrameworksBuildPhase section */
		E01685F428B8C14B00F7DF15 /* Frameworks */ = {
			isa = PBXFrameworksBuildPhase;
			buildActionMask = 2147483647;
			files = (
			);
			runOnlyForDeploymentPostprocessing = 0;
		};
/* End PBXFrameworksBuildPhase section */

/* Begin PBXGroup section */
		E01685EE28B8C14B00F7DF15 = {
			isa = PBXGroup;
			children = (
				E01685F928B8C14B00F7DF15 /* Quizz */,
				E01685F828B8C14B00F7DF15 /* Products */,
			);
			sourceTree = "<group>";
		};
		E01685F828B8C14B00F7DF15 /* Products */ = {
			isa = PBXGroup;
			children = (
				E01685F728B8C14B00F7DF15 /* Quizz.app */,
			);
			name = Products;
			sourceTree = "<group>";
		};
		E01685F928B8C14B00F7DF15 /* Quizz */ = {
			isa = PBXGroup;
			children = (
				E016861328B8D39400F7DF15 /* Supporting Files */,
				E016861228B8D38C00F7DF15 /* View */,
				E016861128B8D38200F7DF15 /* Controller */,
				E016861028B8D37400F7DF15 /* Model */,
			);
			path = Quizz;
			sourceTree = "<group>";
		};
		E016861028B8D37400F7DF15 /* Model */ = {
			isa = PBXGroup;
			children = (
				E016861428B8D78200F7DF15 /* Question.swift */,
				E06416F128B8DBB80088086F /* Game.swift */,
				E06416F328B9066C0088086F /* QuestionManager.swift */,
			);
			path = Model;
			sourceTree = "<group>";
		};
		E016861128B8D38200F7DF15 /* Controller */ = {
			isa = PBXGroup;
			children = (
				E01685FE28B8C14B00F7DF15 /* ViewController.swift */,
			);
			path = Controller;
			sourceTree = "<group>";
		};
		E016861228B8D38C00F7DF15 /* View */ = {
			isa = PBXGroup;
			children = (
				E016860028B8C14B00F7DF15 /* Main.storyboard */,
				E00E95CB28C625D700C61697 /* QuestionView.swift */,
			);
			path = View;
			sourceTree = "<group>";
		};
		E016861328B8D39400F7DF15 /* Supporting Files */ = {
			isa = PBXGroup;
			children = (
				E01685FA28B8C14B00F7DF15 /* AppDelegate.swift */,
				E01685FC28B8C14B00F7DF15 /* SceneDelegate.swift */,
				E016860828B8C14E00F7DF15 /* Info.plist */,
				E016860328B8C14E00F7DF15 /* Assets.xcassets */,
				E016860E28B8D01500F7DF15 /* Balham.otf */,
				E016860528B8C14E00F7DF15 /* LaunchScreen.storyboard */,
			);
			path = "Supporting Files";
			sourceTree = "<group>";
		};
/* End PBXGroup section */

/* Begin PBXNativeTarget section */
		E01685F628B8C14B00F7DF15 /* Quizz */ = {
			isa = PBXNativeTarget;
			buildConfigurationList = E016860B28B8C14E00F7DF15 /* Build configuration list for PBXNativeTarget "Quizz" */;
			buildPhases = (
				E01685F328B8C14B00F7DF15 /* Sources */,
				E01685F428B8C14B00F7DF15 /* Frameworks */,
				E01685F528B8C14B00F7DF15 /* Resources */,
			);
			buildRules = (
			);
			dependencies = (
			);
			name = Quizz;
			productName = Quizz;
			productReference = E01685F728B8C14B00F7DF15 /* Quizz.app */;
			productType = "com.apple.product-type.application";
		};
/* End PBXNativeTarget section */

/* Begin PBXProject section */
		E01685EF28B8C14B00F7DF15 /* Project object */ = {
			isa = PBXProject;
			attributes = {
				BuildIndependentTargetsInParallel = 1;
				LastSwiftUpdateCheck = 1340;
				LastUpgradeCheck = 1340;
				TargetAttributes = {
					E01685F628B8C14B00F7DF15 = {
						CreatedOnToolsVersion = 13.4.1;
					};
				};
			};
			buildConfigurationList = E01685F228B8C14B00F7DF15 /* Build configuration list for PBXProject "Quizz" */;
			compatibilityVersion = "Xcode 13.0";
			developmentRegion = en;
			hasScannedForEncodings = 0;
			knownRegions = (
				en,
				Base,
			);
			mainGroup = E01685EE28B8C14B00F7DF15;
			productRefGroup = E01685F828B8C14B00F7DF15 /* Products */;
			projectDirPath = "";
			projectRoot = "";
			targets = (
				E01685F628B8C14B00F7DF15 /* Quizz */,
			);
		};
/* End PBXProject section */

/* Begin PBXResourcesBuildPhase section */
		E01685F528B8C14B00F7DF15 /* Resources */ = {
			isa = PBXResourcesBuildPhase;
			buildActionMask = 2147483647;
			files = (
				E016860728B8C14E00F7DF15 /* LaunchScreen.storyboard in Resources */,
				E016860428B8C14E00F7DF15 /* Assets.xcassets in Resources */,
				E016860F28B8D01500F7DF15 /* Balham.otf in Resources */,
				E016860228B8C14B00F7DF15 /* Main.storyboard in Resources */,
			);
			runOnlyForDeploymentPostprocessing = 0;
		};
/* End PBXResourcesBuildPhase section */

/* Begin PBXSourcesBuildPhase section */
		E01685F328B8C14B00F7DF15 /* Sources */ = {
			isa = PBXSourcesBuildPhase;
			buildActionMask = 2147483647;
			files = (
				E01685FF28B8C14B00F7DF15 /* ViewController.swift in Sources */,
				E06416F228B8DBB80088086F /* Game.swift in Sources */,
				E016861528B8D78200F7DF15 /* Question.swift in Sources */,
				E00E95CC28C625D700C61697 /* QuestionView.swift in Sources */,
				E01685FB28B8C14B00F7DF15 /* AppDelegate.swift in Sources */,
				E01685FD28B8C14B00F7DF15 /* SceneDelegate.swift in Sources */,
				E06416F428B9066C0088086F /* QuestionManager.swift in Sources */,
			);
			runOnlyForDeploymentPostprocessing = 0;
		};
/* End PBXSourcesBuildPhase section */

/* Begin PBXVariantGroup section */
		E016860028B8C14B00F7DF15 /* Main.storyboard */ = {
			isa = PBXVariantGroup;
			children = (
				E016860128B8C14B00F7DF15 /* Base */,
			);
			name = Main.storyboard;
			sourceTree = "<group>";
		};
		E016860528B8C14E00F7DF15 /* LaunchScreen.storyboard */ = {
			isa = PBXVariantGroup;
			children = (
				E016860628B8C14E00F7DF15 /* Base */,
			);
			name = LaunchScreen.storyboard;
			sourceTree = "<group>";
		};
/* End PBXVariantGroup section */

/* Begin XCBuildConfiguration section */
		E016860928B8C14E00F7DF15 /* Debug */ = {
			isa = XCBuildConfiguration;
			buildSettings = {
				ALWAYS_SEARCH_USER_PATHS = NO;
				CLANG_ANALYZER_NONNULL = YES;
				CLANG_ANALYZER_NUMBER_OBJECT_CONVERSION = YES_AGGRESSIVE;
				CLANG_CXX_LANGUAGE_STANDARD = "gnu++17";
				CLANG_ENABLE_MODULES = YES;
				CLANG_ENABLE_OBJC_ARC = YES;
				CLANG_ENABLE_OBJC_WEAK = YES;
				CLANG_WARN_BLOCK_CAPTURE_AUTORELEASING = YES;
				CLANG_WARN_BOOL_CONVERSION = YES;
				CLANG_WARN_COMMA = YES;
				CLANG_WARN_CONSTANT_CONVERSION = YES;
				CLANG_WARN_DEPRECATED_OBJC_IMPLEMENTATIONS = YES;
				CLANG_WARN_DIRECT_OBJC_ISA_USAGE = YES_ERROR;
				CLANG_WARN_DOCUMENTATION_COMMENTS = YES;
				CLANG_WARN_EMPTY_BODY = YES;
				CLANG_WARN_ENUM_CONVERSION = YES;
				CLANG_WARN_INFINITE_RECURSION = YES;
				CLANG_WARN_INT_CONVERSION = YES;
				CLANG_WARN_NON_LITERAL_NULL_CONVERSION = YES;
				CLANG_WARN_OBJC_IMPLICIT_RETAIN_SELF = YES;
				CLANG_WARN_OBJC_LITERAL_CONVERSION = YES;
				CLANG_WARN_OBJC_ROOT_CLASS = YES_ERROR;
				CLANG_WARN_QUOTED_INCLUDE_IN_FRAMEWORK_HEADER = YES;
				CLANG_WARN_RANGE_LOOP_ANALYSIS = YES;
				CLANG_WARN_STRICT_PROTOTYPES = YES;
				CLANG_WARN_SUSPICIOUS_MOVE = YES;
				CLANG_WARN_UNGUARDED_AVAILABILITY = YES_AGGRESSIVE;
				CLANG_WARN_UNREACHABLE_CODE = YES;
				CLANG_WARN__DUPLICATE_METHOD_MATCH = YES;
				COPY_PHASE_STRIP = NO;
				DEBUG_INFORMATION_FORMAT = dwarf;
				ENABLE_STRICT_OBJC_MSGSEND = YES;
				ENABLE_TESTABILITY = YES;
				GCC_C_LANGUAGE_STANDARD = gnu11;
				GCC_DYNAMIC_NO_PIC = NO;
				GCC_NO_COMMON_BLOCKS = YES;
				GCC_OPTIMIZATION_LEVEL = 0;
				GCC_PREPROCESSOR_DEFINITIONS = (
					"DEBUG=1",
					"$(inherited)",
				);
				GCC_WARN_64_TO_32_BIT_CONVERSION = YES;
				GCC_WARN_ABOUT_RETURN_TYPE = YES_ERROR;
				GCC_WARN_UNDECLARED_SELECTOR = YES;
				GCC_WARN_UNINITIALIZED_AUTOS = YES_AGGRESSIVE;
				GCC_WARN_UNUSED_FUNCTION = YES;
				GCC_WARN_UNUSED_VARIABLE = YES;
				IPHONEOS_DEPLOYMENT_TARGET = 15.5;
				MTL_ENABLE_DEBUG_INFO = INCLUDE_SOURCE;
				MTL_FAST_MATH = YES;
				ONLY_ACTIVE_ARCH = YES;
				SDKROOT = iphoneos;
				SWIFT_ACTIVE_COMPILATION_CONDITIONS = DEBUG;
				SWIFT_OPTIMIZATION_LEVEL = "-Onone";
			};
			name = Debug;
		};
		E016860A28B8C14E00F7DF15 /* Release */ = {
			isa = XCBuildConfiguration;
			buildSettings = {
				ALWAYS_SEARCH_USER_PATHS = NO;
				CLANG_ANALYZER_NONNULL = YES;
				CLANG_ANALYZER_NUMBER_OBJECT_CONVERSION = YES_AGGRESSIVE;
				CLANG_CXX_LANGUAGE_STANDARD = "gnu++17";
				CLANG_ENABLE_MODULES = YES;
				CLANG_ENABLE_OBJC_ARC = YES;
				CLANG_ENABLE_OBJC_WEAK = YES;
				CLANG_WARN_BLOCK_CAPTURE_AUTORELEASING = YES;
				CLANG_WARN_BOOL_CONVERSION = YES;
				CLANG_WARN_COMMA = YES;
				CLANG_WARN_CONSTANT_CONVERSION = YES;
				CLANG_WARN_DEPRECATED_OBJC_IMPLEMENTATIONS = YES;
				CLANG_WARN_DIRECT_OBJC_ISA_USAGE = YES_ERROR;
				CLANG_WARN_DOCUMENTATION_COMMENTS = YES;
				CLANG_WARN_EMPTY_BODY = YES;
				CLANG_WARN_ENUM_CONVERSION = YES;
				CLANG_WARN_INFINITE_RECURSION = YES;
				CLANG_WARN_INT_CONVERSION = YES;
				CLANG_WARN_NON_LITERAL_NULL_CONVERSION = YES;
				CLANG_WARN_OBJC_IMPLICIT_RETAIN_SELF = YES;
				CLANG_WARN_OBJC_LITERAL_CONVERSION = YES;
				CLANG_WARN_OBJC_ROOT_CLASS = YES_ERROR;
				CLANG_WARN_QUOTED_INCLUDE_IN_FRAMEWORK_HEADER = YES;
				CLANG_WARN_RANGE_LOOP_ANALYSIS = YES;
				CLANG_WARN_STRICT_PROTOTYPES = YES;
				CLANG_WARN_SUSPICIOUS_MOVE = YES;
				CLANG_WARN_UNGUARDED_AVAILABILITY = YES_AGGRESSIVE;
				CLANG_WARN_UNREACHABLE_CODE = YES;
				CLANG_WARN__DUPLICATE_METHOD_MATCH = YES;
				COPY_PHASE_STRIP = NO;
				DEBUG_INFORMATION_FORMAT = "dwarf-with-dsym";
				ENABLE_NS_ASSERTIONS = NO;
				ENABLE_STRICT_OBJC_MSGSEND = YES;
				GCC_C_LANGUAGE_STANDARD = gnu11;
				GCC_NO_COMMON_BLOCKS = YES;
				GCC_WARN_64_TO_32_BIT_CONVERSION = YES;
				GCC_WARN_ABOUT_RETURN_TYPE = YES_ERROR;
				GCC_WARN_UNDECLARED_SELECTOR = YES;
				GCC_WARN_UNINITIALIZED_AUTOS = YES_AGGRESSIVE;
				GCC_WARN_UNUSED_FUNCTION = YES;
				GCC_WARN_UNUSED_VARIABLE = YES;
				IPHONEOS_DEPLOYMENT_TARGET = 15.5;
				MTL_ENABLE_DEBUG_INFO = NO;
				MTL_FAST_MATH = YES;
				SDKROOT = iphoneos;
				SWIFT_COMPILATION_MODE = wholemodule;
				SWIFT_OPTIMIZATION_LEVEL = "-O";
				VALIDATE_PRODUCT = YES;
			};
			name = Release;
		};
		E016860C28B8C14E00F7DF15 /* Debug */ = {
			isa = XCBuildConfiguration;
			buildSettings = {
				ASSETCATALOG_COMPILER_APPICON_NAME = AppIcon;
				ASSETCATALOG_COMPILER_GLOBAL_ACCENT_COLOR_NAME = AccentColor;
				CODE_SIGN_STYLE = Automatic;
				CURRENT_PROJECT_VERSION = 1;
				GENERATE_INFOPLIST_FILE = YES;
				INFOPLIST_FILE = "Quizz/Supporting Files/Info.plist";
				INFOPLIST_KEY_UIApplicationSupportsIndirectInputEvents = YES;
				INFOPLIST_KEY_UILaunchStoryboardName = LaunchScreen;
				INFOPLIST_KEY_UIMainStoryboardFile = Main;
				INFOPLIST_KEY_UISupportedInterfaceOrientations_iPad = "UIInterfaceOrientationPortrait UIInterfaceOrientationPortraitUpsideDown UIInterfaceOrientationLandscapeLeft UIInterfaceOrientationLandscapeRight";
				INFOPLIST_KEY_UISupportedInterfaceOrientations_iPhone = "UIInterfaceOrientationPortrait UIInterfaceOrientationLandscapeLeft UIInterfaceOrientationLandscapeRight";
				LD_RUNPATH_SEARCH_PATHS = (
					"$(inherited)",
					"@executable_path/Frameworks",
				);
				MARKETING_VERSION = 1.0;
				PRODUCT_BUNDLE_IDENTIFIER = fr.martinInfo.Quizz;
				PRODUCT_NAME = "$(TARGET_NAME)";
				SWIFT_EMIT_LOC_STRINGS = YES;
				SWIFT_VERSION = 5.0;
				TARGETED_DEVICE_FAMILY = "1,2";
			};
			name = Debug;
		};
		E016860D28B8C14E00F7DF15 /* Release */ = {
			isa = XCBuildConfiguration;
			buildSettings = {
				ASSETCATALOG_COMPILER_APPICON_NAME = AppIcon;
				ASSETCATALOG_COMPILER_GLOBAL_ACCENT_COLOR_NAME = AccentColor;
				CODE_SIGN_STYLE = Automatic;
				CURRENT_PROJECT_VERSION = 1;
				GENERATE_INFOPLIST_FILE = YES;
				INFOPLIST_FILE = "Quizz/Supporting Files/Info.plist";
				INFOPLIST_KEY_UIApplicationSupportsIndirectInputEvents = YES;
				INFOPLIST_KEY_UILaunchStoryboardName = LaunchScreen;
				INFOPLIST_KEY_UIMainStoryboardFile = Main;
				INFOPLIST_KEY_UISupportedInterfaceOrientations_iPad = "UIInterfaceOrientationPortrait UIInterfaceOrientationPortraitUpsideDown UIInterfaceOrientationLandscapeLeft UIInterfaceOrientationLandscapeRight";
				INFOPLIST_KEY_UISupportedInterfaceOrientations_iPhone = "UIInterfaceOrientationPortrait UIInterfaceOrientationLandscapeLeft UIInterfaceOrientationLandscapeRight";
				LD_RUNPATH_SEARCH_PATHS = (
					"$(inherited)",
					"@executable_path/Frameworks",
				);
				MARKETING_VERSION = 1.0;
				PRODUCT_BUNDLE_IDENTIFIER = fr.martinInfo.Quizz;
				PRODUCT_NAME = "$(TARGET_NAME)";
				SWIFT_EMIT_LOC_STRINGS = YES;
				SWIFT_VERSION = 5.0;
				TARGETED_DEVICE_FAMILY = "1,2";
			};
			name = Release;
		};
/* End XCBuildConfiguration section */

/* Begin XCConfigurationList section */
		E01685F228B8C14B00F7DF15 /* Build configuration list for PBXProject "Quizz" */ = {
			isa = XCConfigurationList;
			buildConfigurations = (
				E016860928B8C14E00F7DF15 /* Debug */,
				E016860A28B8C14E00F7DF15 /* Release */,
			);
			defaultConfigurationIsVisible = 0;
			defaultConfigurationName = Release;
		};
		E016860B28B8C14E00F7DF15 /* Build configuration list for PBXNativeTarget "Quizz" */ = {
			isa = XCConfigurationList;
			buildConfigurations = (
				E016860C28B8C14E00F7DF15 /* Debug */,
				E016860D28B8C14E00F7DF15 /* Release */,
			);
			defaultConfigurationIsVisible = 0;
			defaultConfigurationName = Release;
		};
/* End XCConfigurationList section */
	};
	rootObject = E01685EF28B8C14B00F7DF15 /* Project object */;
}
